PODS:
  - flutter_inappwebview_macos (0.0.1):
    - FlutterMacOS
    - OrderedSet (~> 6.0.3)
  - flutter_js_ng (0.0.1):
    - FlutterMacOS
  - FlutterMacOS (1.0.0)
  - OrderedSet (6.0.3)
  - vlc_player (2.1.3):
    - FlutterMacOS
    - VLCKit (= 3.7.3)
  - VLCKit (3.7.3)

DEPENDENCIES:
  - flutter_inappwebview_macos (from `Flutter/ephemeral/.symlinks/plugins/flutter_inappwebview_macos/macos`)
  - flutter_js_ng (from `Flutter/ephemeral/.symlinks/plugins/flutter_js_ng/macos`)
  - FlutterMacOS (from `Flutter/ephemeral`)
  - vlc_player (from `Flutter/ephemeral/.symlinks/plugins/vlc_player/macos`)
  - VLCKit (from `vendor/VLCKit.podspec.json`)

SPEC REPOS:
  trunk:
    - OrderedSet

EXTERNAL SOURCES:
  flutter_inappwebview_macos:
    :path: Flutter/ephemeral/.symlinks/plugins/flutter_inappwebview_macos/macos
  flutter_js_ng:
    :path: Flutter/ephemeral/.symlinks/plugins/flutter_js_ng/macos
  FlutterMacOS:
    :path: Flutter/ephemeral
  vlc_player:
    :path: Flutter/ephemeral/.symlinks/plugins/vlc_player/macos
  VLCKit:
    :podspec: vendor/VLCKit.podspec.json

SPEC CHECKSUMS:
  flutter_inappwebview_macos: c2d68649f9f8f1831bfcd98d73fd6256366d9d1d
  flutter_js_ng: 5bb0e85b3fcdc44b2639704b620c4b962b485cf5
  FlutterMacOS: c232990155153907050900a2e175c7773903ba4e
  OrderedSet: e539b66b644ff081c73a262d24ad552a69be3a94
  vlc_player: b79b6214e417e8cebd047d6a1d6d340009e22fd7
  VLCKit: b1a17b7a7e443e3b60154bc045960669a651a479

PODFILE CHECKSUM: c07906819982cb6132d65791a2f3233c1b6d3037

COCOAPODS: 1.17.0
